// !$*UTF8*$!
{
	archiveVersion = 1;
	classes = {
	};
	objectVersion = 50;
	objects = {

/* Begin PBXBuildFile section */
		44B9933E22723E5A008526ED /* AppDelegate.swift in Sources */ = {isa = PBXBuildFile; fileRef = 44B9933D22723E5A008526ED /* AppDelegate.swift */; };
		44B9934322723E5A008526ED /* Main.storyboard in Resources */ = {isa = PBXBuildFile; fileRef = 44B9934122723E5A008526ED /* Main.storyboard */; };
		44B9934522723E5B008526ED /* Assets.xcassets in Resources */ = {isa = PBXBuildFile; fileRef = 44B9934422723E5B008526ED /* Assets.xcassets */; };
		44B9934822723E5B008526ED /* LaunchScreen.storyboard in Resources */ = {isa = PBXBuildFile; fileRef = 44B9934622723E5B008526ED /* LaunchScreen.storyboard */; };
		44B9935022723F82008526ED /* Question.swift in Sources */ = {isa = PBXBuildFile; fileRef = 44B9934F22723F82008526ED /* Question.swift */; };
		44B9935222724207008526ED /* QuestionController.swift in Sources */ = {isa = PBXBuildFile; fileRef = 44B9935122724207008526ED /* QuestionController.swift */; };
		44B9935422725A5C008526ED /* QuestionsTableViewController.swift in Sources */ = {isa = PBXBuildFile; fileRef = 44B9935322725A5C008526ED /* QuestionsTableViewController.swift */; };
		44B9935622725AB6008526ED /* CustomTableViewCell.swift in Sources */ = {isa = PBXBuildFile; fileRef = 44B9935522725AB6008526ED /* CustomTableViewCell.swift */; };
		44B9935822726083008526ED /* AskQuestionViewController.swift in Sources */ = {isa = PBXBuildFile; fileRef = 44B9935722726083008526ED /* AskQuestionViewController.swift */; };
/* End PBXBuildFile section */

/* Begin PBXFileReference section */
		44B9933A22723E5A008526ED /* QandA.app */ = {isa = PBXFileReference; explicitFileType = wrapper.application; includeInIndex = 0; path = QandA.app; sourceTree = BUILT_PRODUCTS_DIR; };
		44B9933D22723E5A008526ED /* AppDelegate.swift */ = {isa = PBXFileReference; lastKnownFileType = sourcecode.swift; path = AppDelegate.swift; sourceTree = "<group>"; };
		44B9934222723E5A008526ED /* Base */ = {isa = PBXFileReference; lastKnownFileType = file.storyboard; name = Base; path = Base.lproj/Main.storyboard; sourceTree = "<group>"; };
		44B9934422723E5B008526ED /* Assets.xcassets */ = {isa = PBXFileReference; lastKnownFileType = folder.assetcatalog; path = Assets.xcassets; sourceTree = "<group>"; };
		44B9934722723E5B008526ED /* Base */ = {isa = PBXFileReference; lastKnownFileType = file.storyboard; name = Base; path = Base.lproj/LaunchScreen.storyboard; sourceTree = "<group>"; };
		44B9934922723E5B008526ED /* Info.plist */ = {isa = PBXFileReference; lastKnownFileType = text.plist.xml; path = Info.plist; sourceTree = "<group>"; };
		44B9934F22723F82008526ED /* Question.swift */ = {isa = PBXFileReference; lastKnownFileType = sourcecode.swift; path = Question.swift; sourceTree = "<group>"; };
		44B9935122724207008526ED /* QuestionController.swift */ = {isa = PBXFileReference; lastKnownFileType = sourcecode.swift; path = QuestionController.swift; sourceTree = "<group>"; };
		44B9935322725A5C008526ED /* QuestionsTableViewController.swift */ = {isa = PBXFileReference; lastKnownFileType = sourcecode.swift; path = QuestionsTableViewController.swift; sourceTree = "<group>"; };
		44B9935522725AB6008526ED /* CustomTableViewCell.swift */ = {isa = PBXFileReference; lastKnownFileType = sourcecode.swift; path = CustomTableViewCell.swift; sourceTree = "<group>"; };
		44B9935722726083008526ED /* AskQuestionViewController.swift */ = {isa = PBXFileReference; lastKnownFileType = sourcecode.swift; path = AskQuestionViewController.swift; sourceTree = "<group>"; };
/* End PBXFileReference section */

/* Begin PBXFrameworksBuildPhase section */
		44B9933722723E5A008526ED /* Frameworks */ = {
			isa = PBXFrameworksBuildPhase;
			buildActionMask = 2147483647;
			files = (
			);
			runOnlyForDeploymentPostprocessing = 0;
		};
/* End PBXFrameworksBuildPhase section */

/* Begin PBXGroup section */
		44B9933122723E5A008526ED = {
			isa = PBXGroup;
			children = (
				44B9933C22723E5A008526ED /* QandA */,
				44B9933B22723E5A008526ED /* Products */,
			);
			sourceTree = "<group>";
		};
		44B9933B22723E5A008526ED /* Products */ = {
			isa = PBXGroup;
			children = (
				44B9933A22723E5A008526ED /* QandA.app */,
			);
			name = Products;
			sourceTree = "<group>";
		};
		44B9933C22723E5A008526ED /* QandA */ = {
			isa = PBXGroup;
			children = (
				44B9933D22723E5A008526ED /* AppDelegate.swift */,
				44B9934122723E5A008526ED /* Main.storyboard */,
				44B9934422723E5B008526ED /* Assets.xcassets */,
				44B9934622723E5B008526ED /* LaunchScreen.storyboard */,
				44B9934922723E5B008526ED /* Info.plist */,
				44B9934F22723F82008526ED /* Question.swift */,
				44B9935122724207008526ED /* QuestionController.swift */,
				44B9935322725A5C008526ED /* QuestionsTableViewController.swift */,
				44B9935522725AB6008526ED /* CustomTableViewCell.swift */,
				44B9935722726083008526ED /* AskQuestionViewController.swift */,
			);
			path = QandA;
			sourceTree = "<group>";
		};
/* End PBXGroup section */

/* Begin PBXNativeTarget section */
		44B9933922723E5A008526ED /* QandA */ = {
			isa = PBXNativeTarget;
			buildConfigurationList = 44B9934C22723E5B008526ED /* Build configuration list for PBXNativeTarget "QandA" */;
			buildPhases = (
				44B9933622723E5A008526ED /* Sources */,
				44B9933722723E5A008526ED /* Frameworks */,
				44B9933822723E5A008526ED /* Resources */,
			);
			buildRules = (
			);
			dependencies = (
			);
			name = QandA;
			productName = QandA;
			productReference = 44B9933A22723E5A008526ED /* QandA.app */;
			productType = "com.apple.product-type.application";
		};
/* End PBXNativeTarget section */

/* Begin PBXProject section */
		44B9933222723E5A008526ED /* Project object */ = {
			isa = PBXProject;
			attributes = {
				LastSwiftUpdateCheck = 1020;
				LastUpgradeCheck = 1020;
				ORGANIZATIONNAME = "Ryan Murphy";
				TargetAttributes = {
					44B9933922723E5A008526ED = {
						CreatedOnToolsVersion = 10.2.1;
					};
				};
			};
			buildConfigurationList = 44B9933522723E5A008526ED /* Build configuration list for PBXProject "QandA" */;
			compatibilityVersion = "Xcode 9.3";
			developmentRegion = en;
			hasScannedForEncodings = 0;
			knownRegions = (
				en,
				Base,
			);
			mainGroup = 44B9933122723E5A008526ED;
			productRefGroup = 44B9933B22723E5A008526ED /* Products */;
			projectDirPath = "";
			projectRoot = "";
			targets = (
				44B9933922723E5A008526ED /* QandA */,
			);
		};
/* End PBXProject section */

/* Begin PBXResourcesBuildPhase section */
		44B9933822723E5A008526ED /* Resources */ = {
			isa = PBXResourcesBuildPhase;
			buildActionMask = 2147483647;
			files = (
				44B9934822723E5B008526ED /* LaunchScreen.storyboard in Resources */,
				44B9934522723E5B008526ED /* Assets.xcassets in Resources */,
				44B9934322723E5A008526ED /* Main.storyboard in Resources */,
			);
			runOnlyForDeploymentPostprocessing = 0;
		};
/* End PBXResourcesBuildPhase section */

/* Begin PBXSourcesBuildPhase section */
		44B9933622723E5A008526ED /* Sources */ = {
			isa = PBXSourcesBuildPhase;
			buildActionMask = 2147483647;
			files = (
				44B9935822726083008526ED /* AskQuestionViewController.swift in Sources */,
				44B9935022723F82008526ED /* Question.swift in Sources */,
				44B9935622725AB6008526ED /* CustomTableViewCell.swift in Sources */,
				44B9935422725A5C008526ED /* QuestionsTableViewController.swift in Sources */,
				44B9933E22723E5A008526ED /* AppDelegate.swift in Sources */,
				44B9935222724207008526ED /* QuestionController.swift in Sources */,
			);
			runOnlyForDeploymentPostprocessing = 0;
		};
/* End PBXSourcesBuildPhase section */

/* Begin PBXVariantGroup section */
		44B9934122723E5A008526ED /* Main.storyboard */ = {
			isa = PBXVariantGroup;
			children = (
				44B9934222723E5A008526ED /* Base */,
			);
			name = Main.storyboard;
			sourceTree = "<group>";
		};
		44B9934622723E5B008526ED /* LaunchScreen.storyboard */ = {
			isa = PBXVariantGroup;
			children = (
				44B9934722723E5B008526ED /* Base */,
			);
			name = LaunchScreen.storyboard;
			sourceTree = "<group>";
		};
/* End PBXVariantGroup section */

/* Begin XCBuildConfiguration section */
		44B9934A22723E5B008526ED /* Debug */ = {
			isa = XCBuildConfiguration;
			buildSettings = {
				ALWAYS_SEARCH_USER_PATHS = NO;
				CLANG_ANALYZER_NONNULL = YES;
				CLANG_ANALYZER_NUMBER_OBJECT_CONVERSION = YES_AGGRESSIVE;
				CLANG_CXX_LANGUAGE_STANDARD = "gnu++14";
				CLANG_CXX_LIBRARY = "libc++";
				CLANG_ENABLE_MODULES = YES;
				CLANG_ENABLE_OBJC_ARC = YES;
				CLANG_ENABLE_OBJC_WEAK = YES;
				CLANG_WARN_BLOCK_CAPTURE_AUTORELEASING = YES;
				CLANG_WARN_BOOL_CONVERSION = YES;
				CLANG_WARN_COMMA = YES;
				CLANG_WARN_CONSTANT_CONVERSION = YES;
				CLANG_WARN_DEPRECATED_OBJC_IMPLEMENTATIONS = YES;
				CLANG_WARN_DIRECT_OBJC_ISA_USAGE = YES_ERROR;
				CLANG_WARN_DOCUMENTATION_COMMENTS = YES;
				CLANG_WARN_EMPTY_BODY = YES;
				CLANG_WARN_ENUM_CONVERSION = YES;
				CLANG_WARN_INFINITE_RECURSION = YES;
				CLANG_WARN_INT_CONVERSION = YES;
				CLANG_WARN_NON_LITERAL_NULL_CONVERSION = YES;
				CLANG_WARN_OBJC_IMPLICIT_RETAIN_SELF = YES;
				CLANG_WARN_OBJC_LITERAL_CONVERSION = YES;
				CLANG_WARN_OBJC_ROOT_CLASS = YES_ERROR;
				CLANG_WARN_RANGE_LOOP_ANALYSIS = YES;
				CLANG_WARN_STRICT_PROTOTYPES = YES;
				CLANG_WARN_SUSPICIOUS_MOVE = YES;
				CLANG_WARN_UNGUARDED_AVAILABILITY = YES_AGGRESSIVE;
				CLANG_WARN_UNREACHABLE_CODE = YES;
				CLANG_WARN__DUPLICATE_METHOD_MATCH = YES;
				CODE_SIGN_IDENTITY = "iPhone Developer";
				COPY_PHASE_STRIP = NO;
				DEBUG_INFORMATION_FORMAT = dwarf;
				ENABLE_STRICT_OBJC_MSGSEND = YES;
				ENABLE_TESTABILITY = YES;
				GCC_C_LANGUAGE_STANDARD = gnu11;
				GCC_DYNAMIC_NO_PIC = NO;
				GCC_NO_COMMON_BLOCKS = YES;
				GCC_OPTIMIZATION_LEVEL = 0;
				GCC_PREPROCESSOR_DEFINITIONS = (
					"DEBUG=1",
					"$(inherited)",
				);
				GCC_WARN_64_TO_32_BIT_CONVERSION = YES;
				GCC_WARN_ABOUT_RETURN_TYPE = YES_ERROR;
				GCC_WARN_UNDECLARED_SELECTOR = YES;
				GCC_WARN_UNINITIALIZED_AUTOS = YES_AGGRESSIVE;
				GCC_WARN_UNUSED_FUNCTION = YES;
				GCC_WARN_UNUSED_VARIABLE = YES;
				IPHONEOS_DEPLOYMENT_TARGET = 12.2;
				MTL_ENABLE_DEBUG_INFO = INCLUDE_SOURCE;
				MTL_FAST_MATH = YES;
				ONLY_ACTIVE_ARCH = YES;
				SDKROOT = iphoneos;
				SWIFT_ACTIVE_COMPILATION_CONDITIONS = DEBUG;
				SWIFT_OPTIMIZATION_LEVEL = "-Onone";
			};
			name = Debug;
		};
		44B9934B22723E5B008526ED /* Release */ = {
			isa = XCBuildConfiguration;
			buildSettings = {
				ALWAYS_SEARCH_USER_PATHS = NO;
				CLANG_ANALYZER_NONNULL = YES;
				CLANG_ANALYZER_NUMBER_OBJECT_CONVERSION = YES_AGGRESSIVE;
				CLANG_CXX_LANGUAGE_STANDARD = "gnu++14";
				CLANG_CXX_LIBRARY = "libc++";
				CLANG_ENABLE_MODULES = YES;
				CLANG_ENABLE_OBJC_ARC = YES;
				CLANG_ENABLE_OBJC_WEAK = YES;
				CLANG_WARN_BLOCK_CAPTURE_AUTORELEASING = YES;
				CLANG_WARN_BOOL_CONVERSION = YES;
				CLANG_WARN_COMMA = YES;
				CLANG_WARN_CONSTANT_CONVERSION = YES;
				CLANG_WARN_DEPRECATED_OBJC_IMPLEMENTATIONS = YES;
				CLANG_WARN_DIRECT_OBJC_ISA_USAGE = YES_ERROR;
				CLANG_WARN_DOCUMENTATION_COMMENTS = YES;
				CLANG_WARN_EMPTY_BODY = YES;
				CLANG_WARN_ENUM_CONVERSION = YES;
				CLANG_WARN_INFINITE_RECURSION = YES;
				CLANG_WARN_INT_CONVERSION = YES;
				CLANG_WARN_NON_LITERAL_NULL_CONVERSION = YES;
				CLANG_WARN_OBJC_IMPLICIT_RETAIN_SELF = YES;
				CLANG_WARN_OBJC_LITERAL_CONVERSION = YES;
				CLANG_WARN_OBJC_ROOT_CLASS = YES_ERROR;
				CLANG_WARN_RANGE_LOOP_ANALYSIS = YES;
				CLANG_WARN_STRICT_PROTOTYPES = YES;
				CLANG_WARN_SUSPICIOUS_MOVE = YES;
				CLANG_WARN_UNGUARDED_AVAILABILITY = YES_AGGRESSIVE;
				CLANG_WARN_UNREACHABLE_CODE = YES;
				CLANG_WARN__DUPLICATE_METHOD_MATCH = YES;
				CODE_SIGN_IDENTITY = "iPhone Developer";
				COPY_PHASE_STRIP = NO;
				DEBUG_INFORMATION_FORMAT = "dwarf-with-dsym";
				ENABLE_NS_ASSERTIONS = NO;
				ENABLE_STRICT_OBJC_MSGSEND = YES;
				GCC_C_LANGUAGE_STANDARD = gnu11;
				GCC_NO_COMMON_BLOCKS = YES;
				GCC_WARN_64_TO_32_BIT_CONVERSION = YES;
				GCC_WARN_ABOUT_RETURN_TYPE = YES_ERROR;
				GCC_WARN_UNDECLARED_SELECTOR = YES;
				GCC_WARN_UNINITIALIZED_AUTOS = YES_AGGRESSIVE;
				GCC_WARN_UNUSED_FUNCTION = YES;
				GCC_WARN_UNUSED_VARIABLE = YES;
				IPHONEOS_DEPLOYMENT_TARGET = 12.2;
				MTL_ENABLE_DEBUG_INFO = NO;
				MTL_FAST_MATH = YES;
				SDKROOT = iphoneos;
				SWIFT_COMPILATION_MODE = wholemodule;
				SWIFT_OPTIMIZATION_LEVEL = "-O";
				VALIDATE_PRODUCT = YES;
			};
			name = Release;
		};
		44B9934D22723E5B008526ED /* Debug */ = {
			isa = XCBuildConfiguration;
			buildSettings = {
				ASSETCATALOG_COMPILER_APPICON_NAME = AppIcon;
				CODE_SIGN_STYLE = Automatic;
				INFOPLIST_FILE = QandA/Info.plist;
				LD_RUNPATH_SEARCH_PATHS = (
					"$(inherited)",
					"@executable_path/Frameworks",
				);
				PRODUCT_BUNDLE_IDENTIFIER = com.extremeconch.QandA;
				PRODUCT_NAME = "$(TARGET_NAME)";
				SWIFT_VERSION = 5.0;
				TARGETED_DEVICE_FAMILY = "1,2";
			};
			name = Debug;
		};
		44B9934E22723E5B008526ED /* Release */ = {
			isa = XCBuildConfiguration;
			buildSettings = {
				ASSETCATALOG_COMPILER_APPICON_NAME = AppIcon;
				CODE_SIGN_STYLE = Automatic;
				INFOPLIST_FILE = QandA/Info.plist;
				LD_RUNPATH_SEARCH_PATHS = (
					"$(inherited)",
					"@executable_path/Frameworks",
				);
				PRODUCT_BUNDLE_IDENTIFIER = com.extremeconch.QandA;
				PRODUCT_NAME = "$(TARGET_NAME)";
				SWIFT_VERSION = 5.0;
				TARGETED_DEVICE_FAMILY = "1,2";
			};
			name = Release;
		};
/* End XCBuildConfiguration section */

/* Begin XCConfigurationList section */
		44B9933522723E5A008526ED /* Build configuration list for PBXProject "QandA" */ = {
			isa = XCConfigurationList;
			buildConfigurations = (
				44B9934A22723E5B008526ED /* Debug */,
				44B9934B22723E5B008526ED /* Release */,
			);
			defaultConfigurationIsVisible = 0;
			defaultConfigurationName = Release;
		};
		44B9934C22723E5B008526ED /* Build configuration list for PBXNativeTarget "QandA" */ = {
			isa = XCConfigurationList;
			buildConfigurations = (
				44B9934D22723E5B008526ED /* Debug */,
				44B9934E22723E5B008526ED /* Release */,
			);
			defaultConfigurationIsVisible = 0;
			defaultConfigurationName = Release;
		};
/* End XCConfigurationList section */
	};
	rootObject = 44B9933222723E5A008526ED /* Project object */;
}
